
Microsoft Visual Studio Solution File, Format Version 12.00
# Visual Studio Version 17
VisualStudioVersion = 17.8.34330.188
MinimumVisualStudioVersion = 10.0.40219.1
Project("{FAE04EC0-301F-11D3-BF4B-00C04F79EFBC}") = "MauiMessenger", "MauiMessenger\MauiMessenger.csproj", "{04BA9B2E-895B-4A33-B484-109CF57EACF5}"
EndProject
Global
	GlobalSection(SolutionConfigurationPlatforms) = preSolution
		Debug|Any CPU = Debug|Any CPU
		Release|Any CPU = Release|Any CPU
	EndGlobalSection
	GlobalSection(ProjectConfigurationPlatforms) = postSolution
		{04BA9B2E-895B-4A33-B484-109CF57EACF5}.Debug|Any CPU.ActiveCfg = Debug|Any CPU
		{04BA9B2E-895B-4A33-B484-109CF57EACF5}.Debug|Any CPU.Build.0 = Debug|Any CPU
		{04BA9B2E-895B-4A33-B484-109CF57EACF5}.Debug|Any CPU.Deploy.0 = Debug|Any CPU
		{04BA9B2E-895B-4A33-B484-109CF57EACF5}.Release|Any CPU.ActiveCfg = Release|Any CPU
		{04BA9B2E-895B-4A33-B484-109CF57EACF5}.Release|Any CPU.Build.0 = Release|Any CPU
		{04BA9B2E-895B-4A33-B484-109CF57EACF5}.Release|Any CPU.Deploy.0 = Release|Any CPU
	EndGlobalSection
	GlobalSection(SolutionProperties) = preSolution
		HideSolutionNode = FALSE
	EndGlobalSection
	GlobalSection(ExtensibilityGlobals) = postSolution
		SolutionGuid = {DC383472-FB3B-4EDB-8AC2-F57018EF394C}
	EndGlobalSection
EndGlobal
